
Microsoft Visual Studio Solution File, Format Version 12.00
# Visual Studio Version 17
VisualStudioVersion = 17.4.33103.184
MinimumVisualStudioVersion = 10.0.40219.1
Project("{8BC9CEB8-8B4A-11D0-8D11-00A0C91BC942}") = "AimTrainer", "AimTrainer\AimTrainer.vcxproj", "{05317898-E19F-4656-9649-924C609F29AA}"
EndProject
Global
	GlobalSection(SolutionConfigurationPlatforms) = preSolution
		Release|x64 = Release|x64
	EndGlobalSection
	GlobalSection(ProjectConfigurationPlatforms) = postSolution
		{05317898-E19F-4656-9649-924C609F29AA}.Release|x64.ActiveCfg = Release|x64
		{05317898-E19F-4656-9649-924C609F29AA}.Release|x64.Build.0 = Release|x64
	EndGlobalSection
	GlobalSection(SolutionProperties) = preSolution
		HideSolutionNode = FALSE
	EndGlobalSection
	GlobalSection(ExtensibilityGlobals) = postSolution
		SolutionGuid = {D63D6B93-A58B-4995-B6C8-EFAC10B42A62}
	EndGlobalSection
EndGlobal
